// !$*UTF8*$!
{
	archiveVersion = 1;
	classes = {
	};
	objectVersion = 56;
	objects = {

/* Begin PBXBuildFile section */
		D011E97B2A310D0600E3E17F /* StatisticCell.swift in Sources */ = {isa = PBXBuildFile; fileRef = D011E97A2A310D0600E3E17F /* StatisticCell.swift */; };
		D011E9832A31E63600E3E17F /* Localizable.strings in Resources */ = {isa = PBXBuildFile; fileRef = D011E9852A31E63600E3E17F /* Localizable.strings */; };
		D011E9BF2A320A0300E3E17F /* TrackerTests.swift in Sources */ = {isa = PBXBuildFile; fileRef = D011E9BE2A320A0300E3E17F /* TrackerTests.swift */; };
		D01AEB022A1633ED00CD9D83 /* TrackerStore.swift in Sources */ = {isa = PBXBuildFile; fileRef = D01AEB012A1633ED00CD9D83 /* TrackerStore.swift */; };
		D01AEB042A16415100CD9D83 /* TrackerCategoryStore.swift in Sources */ = {isa = PBXBuildFile; fileRef = D01AEB032A16415100CD9D83 /* TrackerCategoryStore.swift */; };
		D01AEB062A1781AF00CD9D83 /* TrackerRecordStore.swift in Sources */ = {isa = PBXBuildFile; fileRef = D01AEB052A1781AF00CD9D83 /* TrackerRecordStore.swift */; };
		D02E3CB529F16CC300DFE26B /* EmptyCategoriesView.swift in Sources */ = {isa = PBXBuildFile; fileRef = D02E3CB429F16CC300DFE26B /* EmptyCategoriesView.swift */; };
		D02E3CB729F1A05000DFE26B /* CategoriesView.swift in Sources */ = {isa = PBXBuildFile; fileRef = D02E3CB629F1A05000DFE26B /* CategoriesView.swift */; };
		D05991C92A239EE80078BC78 /* OnboardingViewController.swift in Sources */ = {isa = PBXBuildFile; fileRef = D05991C82A239EE80078BC78 /* OnboardingViewController.swift */; };
		D05991CE2A24AC5D0078BC78 /* CategoriesViewModel.swift in Sources */ = {isa = PBXBuildFile; fileRef = D05991CD2A24AC5D0078BC78 /* CategoriesViewModel.swift */; };
		D066164D2A064CC0004A3A7D /* Tracker.xcdatamodeld in Sources */ = {isa = PBXBuildFile; fileRef = D066164B2A064CC0004A3A7D /* Tracker.xcdatamodeld */; };
		D066164F2A064DDB004A3A7D /* DataProvider.swift in Sources */ = {isa = PBXBuildFile; fileRef = D066164E2A064DDB004A3A7D /* DataProvider.swift */; };
		D0840C732A1E7AAC00E7C2D7 /* EmojiColorCollectionView.swift in Sources */ = {isa = PBXBuildFile; fileRef = D0840C722A1E7AAC00E7C2D7 /* EmojiColorCollectionView.swift */; };
		D089E5D029DA267A005F9FAF /* StatisticsViewController.swift in Sources */ = {isa = PBXBuildFile; fileRef = D089E5CF29DA267A005F9FAF /* StatisticsViewController.swift */; };
		D089E5D229DA26E3005F9FAF /* TabBarController.swift in Sources */ = {isa = PBXBuildFile; fileRef = D089E5D129DA26E3005F9FAF /* TabBarController.swift */; };
		D089E5D529DA2BC7005F9FAF /* UIColor+Extensions.swift in Sources */ = {isa = PBXBuildFile; fileRef = D089E5D429DA2BC7005F9FAF /* UIColor+Extensions.swift */; };
		D089E5DB29DC4AE0005F9FAF /* TrackersView.swift in Sources */ = {isa = PBXBuildFile; fileRef = D089E5DA29DC4AE0005F9FAF /* TrackersView.swift */; };
		D089E5DF29DD7C14005F9FAF /* TrackersCell.swift in Sources */ = {isa = PBXBuildFile; fileRef = D089E5DE29DD7C14005F9FAF /* TrackersCell.swift */; };
		D089E5E329DD86DA005F9FAF /* Models.swift in Sources */ = {isa = PBXBuildFile; fileRef = D089E5E229DD86DA005F9FAF /* Models.swift */; };
		D089E5ED29DDD956005F9FAF /* Emojies.swift in Sources */ = {isa = PBXBuildFile; fileRef = D089E5EC29DDD956005F9FAF /* Emojies.swift */; };
		D089E5EF29DEDC88005F9FAF /* TrackersHeader.swift in Sources */ = {isa = PBXBuildFile; fileRef = D089E5EE29DEDC88005F9FAF /* TrackersHeader.swift */; };
		D089E5F129DF54B2005F9FAF /* TrackButton.swift in Sources */ = {isa = PBXBuildFile; fileRef = D089E5F029DF54B2005F9FAF /* TrackButton.swift */; };
		D089E5F329DF6AB8005F9FAF /* ChoiceViewController.swift in Sources */ = {isa = PBXBuildFile; fileRef = D089E5F229DF6AB8005F9FAF /* ChoiceViewController.swift */; };
		D089E5F729DF6DC0005F9FAF /* ChoiceView.swift in Sources */ = {isa = PBXBuildFile; fileRef = D089E5F629DF6DC0005F9FAF /* ChoiceView.swift */; };
		D0ACD29229F94876000FB7F3 /* CreateTrackerButton.swift in Sources */ = {isa = PBXBuildFile; fileRef = D0ACD29129F94876000FB7F3 /* CreateTrackerButton.swift */; };
		D0ACD29629FEC40F000FB7F3 /* Date+Extensions.swift in Sources */ = {isa = PBXBuildFile; fileRef = D0ACD29529FEC40F000FB7F3 /* Date+Extensions.swift */; };
		D0ACD29829FEF63B000FB7F3 /* Int+Extensions.swift in Sources */ = {isa = PBXBuildFile; fileRef = D0ACD29729FEF63B000FB7F3 /* Int+Extensions.swift */; };
		D0CACCC229F2E4A300BD9D91 /* CategoryCell.swift in Sources */ = {isa = PBXBuildFile; fileRef = D0CACCC129F2E4A300BD9D91 /* CategoryCell.swift */; };
		D0CACCC629F4211400BD9D91 /* ScheduleViewController.swift in Sources */ = {isa = PBXBuildFile; fileRef = D0CACCC529F4211400BD9D91 /* ScheduleViewController.swift */; };
		D0CACCC829F4214100BD9D91 /* ScheduleView.swift in Sources */ = {isa = PBXBuildFile; fileRef = D0CACCC729F4214100BD9D91 /* ScheduleView.swift */; };
		D0CACCCA29F5451E00BD9D91 /* Weekdays.swift in Sources */ = {isa = PBXBuildFile; fileRef = D0CACCC929F5451E00BD9D91 /* Weekdays.swift */; };
		D0CACCCC29F5509600BD9D91 /* EditCategoryViewController.swift in Sources */ = {isa = PBXBuildFile; fileRef = D0CACCCB29F5509600BD9D91 /* EditCategoryViewController.swift */; };
		D0CACCD029F580F400BD9D91 /* Storage.swift in Sources */ = {isa = PBXBuildFile; fileRef = D0CACCCF29F580F400BD9D91 /* Storage.swift */; };
		D0EEE2E929EDBF260021576D /* CategoriesViewController.swift in Sources */ = {isa = PBXBuildFile; fileRef = D0EEE2E829EDBF260021576D /* CategoriesViewController.swift */; };
		D0F1B6F529E04FE200471968 /* NewTrackerViewController.swift in Sources */ = {isa = PBXBuildFile; fileRef = D0F1B6F429E04FE200471968 /* NewTrackerViewController.swift */; };
		D0F1B6F729E04FF500471968 /* NewTrackerView.swift in Sources */ = {isa = PBXBuildFile; fileRef = D0F1B6F629E04FF500471968 /* NewTrackerView.swift */; };
		D0F1B6FB29E3155B00471968 /* UITextField+Extension.swift in Sources */ = {isa = PBXBuildFile; fileRef = D0F1B6FA29E3155B00471968 /* UITextField+Extension.swift */; };
		D0F9C41529DA11E6009C7686 /* AppDelegate.swift in Sources */ = {isa = PBXBuildFile; fileRef = D0F9C41429DA11E6009C7686 /* AppDelegate.swift */; };
		D0F9C41729DA11E6009C7686 /* SceneDelegate.swift in Sources */ = {isa = PBXBuildFile; fileRef = D0F9C41629DA11E6009C7686 /* SceneDelegate.swift */; };
		D0F9C41929DA11E6009C7686 /* TrackersViewController.swift in Sources */ = {isa = PBXBuildFile; fileRef = D0F9C41829DA11E6009C7686 /* TrackersViewController.swift */; };
		D0F9C41E29DA11EB009C7686 /* Assets.xcassets in Resources */ = {isa = PBXBuildFile; fileRef = D0F9C41D29DA11EB009C7686 /* Assets.xcassets */; };
		D0F9C42129DA11EB009C7686 /* LaunchScreen.storyboard in Resources */ = {isa = PBXBuildFile; fileRef = D0F9C41F29DA11EB009C7686 /* LaunchScreen.storyboard */; };
		D0FF0D5329E4898200837748 /* CollectionCell.swift in Sources */ = {isa = PBXBuildFile; fileRef = D0FF0D5229E4898200837748 /* CollectionCell.swift */; };
/* End PBXBuildFile section */

/* Begin PBXContainerItemProxy section */
		D011E9C02A320A0300E3E17F /* PBXContainerItemProxy */ = {
			isa = PBXContainerItemProxy;
			containerPortal = D0F9C40929DA11E6009C7686 /* Project object */;
			proxyType = 1;
			remoteGlobalIDString = D0F9C41029DA11E6009C7686;
			remoteInfo = Tracker;
		};
/* End PBXContainerItemProxy section */

/* Begin PBXFileReference section */
		D011E97A2A310D0600E3E17F /* StatisticCell.swift */ = {isa = PBXFileReference; lastKnownFileType = sourcecode.swift; path = StatisticCell.swift; sourceTree = "<group>"; };
		D011E9842A31E63600E3E17F /* en */ = {isa = PBXFileReference; lastKnownFileType = text.plist.strings; name = en; path = en.lproj/Localizable.strings; sourceTree = "<group>"; };
		D011E9862A31E64900E3E17F /* ru */ = {isa = PBXFileReference; lastKnownFileType = text.plist.strings; name = ru; path = ru.lproj/Localizable.strings; sourceTree = "<group>"; };
		D011E9BC2A320A0300E3E17F /* TrackerTests.xctest */ = {isa = PBXFileReference; explicitFileType = wrapper.cfbundle; includeInIndex = 0; path = TrackerTests.xctest; sourceTree = BUILT_PRODUCTS_DIR; };
		D011E9BE2A320A0300E3E17F /* TrackerTests.swift */ = {isa = PBXFileReference; lastKnownFileType = sourcecode.swift; path = TrackerTests.swift; sourceTree = "<group>"; };
		D01AEB012A1633ED00CD9D83 /* TrackerStore.swift */ = {isa = PBXFileReference; lastKnownFileType = sourcecode.swift; path = TrackerStore.swift; sourceTree = "<group>"; };
		D01AEB032A16415100CD9D83 /* TrackerCategoryStore.swift */ = {isa = PBXFileReference; lastKnownFileType = sourcecode.swift; path = TrackerCategoryStore.swift; sourceTree = "<group>"; };
		D01AEB052A1781AF00CD9D83 /* TrackerRecordStore.swift */ = {isa = PBXFileReference; lastKnownFileType = sourcecode.swift; path = TrackerRecordStore.swift; sourceTree = "<group>"; };
		D02E3CB429F16CC300DFE26B /* EmptyCategoriesView.swift */ = {isa = PBXFileReference; lastKnownFileType = sourcecode.swift; path = EmptyCategoriesView.swift; sourceTree = "<group>"; };
		D02E3CB629F1A05000DFE26B /* CategoriesView.swift */ = {isa = PBXFileReference; lastKnownFileType = sourcecode.swift; path = CategoriesView.swift; sourceTree = "<group>"; };
		D05991C82A239EE80078BC78 /* OnboardingViewController.swift */ = {isa = PBXFileReference; lastKnownFileType = sourcecode.swift; path = OnboardingViewController.swift; sourceTree = "<group>"; };
		D05991CD2A24AC5D0078BC78 /* CategoriesViewModel.swift */ = {isa = PBXFileReference; lastKnownFileType = sourcecode.swift; path = CategoriesViewModel.swift; sourceTree = "<group>"; };
		D066164C2A064CC0004A3A7D /* Tracker.xcdatamodel */ = {isa = PBXFileReference; lastKnownFileType = wrapper.xcdatamodel; path = Tracker.xcdatamodel; sourceTree = "<group>"; };
		D066164E2A064DDB004A3A7D /* DataProvider.swift */ = {isa = PBXFileReference; lastKnownFileType = sourcecode.swift; path = DataProvider.swift; sourceTree = "<group>"; };
		D0840C722A1E7AAC00E7C2D7 /* EmojiColorCollectionView.swift */ = {isa = PBXFileReference; lastKnownFileType = sourcecode.swift; path = EmojiColorCollectionView.swift; sourceTree = "<group>"; };
		D089E5CF29DA267A005F9FAF /* StatisticsViewController.swift */ = {isa = PBXFileReference; lastKnownFileType = sourcecode.swift; path = StatisticsViewController.swift; sourceTree = "<group>"; };
		D089E5D129DA26E3005F9FAF /* TabBarController.swift */ = {isa = PBXFileReference; lastKnownFileType = sourcecode.swift; path = TabBarController.swift; sourceTree = "<group>"; };
		D089E5D429DA2BC7005F9FAF /* UIColor+Extensions.swift */ = {isa = PBXFileReference; fileEncoding = 4; lastKnownFileType = sourcecode.swift; path = "UIColor+Extensions.swift"; sourceTree = "<group>"; };
		D089E5DA29DC4AE0005F9FAF /* TrackersView.swift */ = {isa = PBXFileReference; lastKnownFileType = sourcecode.swift; path = TrackersView.swift; sourceTree = "<group>"; };
		D089E5DE29DD7C14005F9FAF /* TrackersCell.swift */ = {isa = PBXFileReference; lastKnownFileType = sourcecode.swift; path = TrackersCell.swift; sourceTree = "<group>"; };
		D089E5E229DD86DA005F9FAF /* Models.swift */ = {isa = PBXFileReference; lastKnownFileType = sourcecode.swift; path = Models.swift; sourceTree = "<group>"; };
		D089E5EC29DDD956005F9FAF /* Emojies.swift */ = {isa = PBXFileReference; lastKnownFileType = sourcecode.swift; path = Emojies.swift; sourceTree = "<group>"; };
		D089E5EE29DEDC88005F9FAF /* TrackersHeader.swift */ = {isa = PBXFileReference; lastKnownFileType = sourcecode.swift; path = TrackersHeader.swift; sourceTree = "<group>"; };
		D089E5F029DF54B2005F9FAF /* TrackButton.swift */ = {isa = PBXFileReference; lastKnownFileType = sourcecode.swift; path = TrackButton.swift; sourceTree = "<group>"; };
		D089E5F229DF6AB8005F9FAF /* ChoiceViewController.swift */ = {isa = PBXFileReference; lastKnownFileType = sourcecode.swift; path = ChoiceViewController.swift; sourceTree = "<group>"; };
		D089E5F629DF6DC0005F9FAF /* ChoiceView.swift */ = {isa = PBXFileReference; lastKnownFileType = sourcecode.swift; path = ChoiceView.swift; sourceTree = "<group>"; };
		D0ACD29129F94876000FB7F3 /* CreateTrackerButton.swift */ = {isa = PBXFileReference; lastKnownFileType = sourcecode.swift; path = CreateTrackerButton.swift; sourceTree = "<group>"; };
		D0ACD29529FEC40F000FB7F3 /* Date+Extensions.swift */ = {isa = PBXFileReference; lastKnownFileType = sourcecode.swift; path = "Date+Extensions.swift"; sourceTree = "<group>"; };
		D0ACD29729FEF63B000FB7F3 /* Int+Extensions.swift */ = {isa = PBXFileReference; lastKnownFileType = sourcecode.swift; path = "Int+Extensions.swift"; sourceTree = "<group>"; };
		D0CACCC129F2E4A300BD9D91 /* CategoryCell.swift */ = {isa = PBXFileReference; lastKnownFileType = sourcecode.swift; path = CategoryCell.swift; sourceTree = "<group>"; };
		D0CACCC529F4211400BD9D91 /* ScheduleViewController.swift */ = {isa = PBXFileReference; lastKnownFileType = sourcecode.swift; path = ScheduleViewController.swift; sourceTree = "<group>"; };
		D0CACCC729F4214100BD9D91 /* ScheduleView.swift */ = {isa = PBXFileReference; lastKnownFileType = sourcecode.swift; path = ScheduleView.swift; sourceTree = "<group>"; };
		D0CACCC929F5451E00BD9D91 /* Weekdays.swift */ = {isa = PBXFileReference; lastKnownFileType = sourcecode.swift; path = Weekdays.swift; sourceTree = "<group>"; };
		D0CACCCB29F5509600BD9D91 /* EditCategoryViewController.swift */ = {isa = PBXFileReference; lastKnownFileType = sourcecode.swift; path = EditCategoryViewController.swift; sourceTree = "<group>"; };
		D0CACCCF29F580F400BD9D91 /* Storage.swift */ = {isa = PBXFileReference; lastKnownFileType = sourcecode.swift; path = Storage.swift; sourceTree = "<group>"; };
		D0EEE2E829EDBF260021576D /* CategoriesViewController.swift */ = {isa = PBXFileReference; lastKnownFileType = sourcecode.swift; path = CategoriesViewController.swift; sourceTree = "<group>"; };
		D0F1B6F429E04FE200471968 /* NewTrackerViewController.swift */ = {isa = PBXFileReference; lastKnownFileType = sourcecode.swift; path = NewTrackerViewController.swift; sourceTree = "<group>"; };
		D0F1B6F629E04FF500471968 /* NewTrackerView.swift */ = {isa = PBXFileReference; lastKnownFileType = sourcecode.swift; path = NewTrackerView.swift; sourceTree = "<group>"; };
		D0F1B6FA29E3155B00471968 /* UITextField+Extension.swift */ = {isa = PBXFileReference; lastKnownFileType = sourcecode.swift; path = "UITextField+Extension.swift"; sourceTree = "<group>"; };
		D0F9C41129DA11E6009C7686 /* Tracker.app */ = {isa = PBXFileReference; explicitFileType = wrapper.application; includeInIndex = 0; path = Tracker.app; sourceTree = BUILT_PRODUCTS_DIR; };
		D0F9C41429DA11E6009C7686 /* AppDelegate.swift */ = {isa = PBXFileReference; lastKnownFileType = sourcecode.swift; path = AppDelegate.swift; sourceTree = "<group>"; };
		D0F9C41629DA11E6009C7686 /* SceneDelegate.swift */ = {isa = PBXFileReference; lastKnownFileType = sourcecode.swift; path = SceneDelegate.swift; sourceTree = "<group>"; };
		D0F9C41829DA11E6009C7686 /* TrackersViewController.swift */ = {isa = PBXFileReference; lastKnownFileType = sourcecode.swift; path = TrackersViewController.swift; sourceTree = "<group>"; };
		D0F9C41D29DA11EB009C7686 /* Assets.xcassets */ = {isa = PBXFileReference; lastKnownFileType = folder.assetcatalog; path = Assets.xcassets; sourceTree = "<group>"; };
		D0F9C42029DA11EB009C7686 /* Base */ = {isa = PBXFileReference; lastKnownFileType = file.storyboard; name = Base; path = Base.lproj/LaunchScreen.storyboard; sourceTree = "<group>"; };
		D0F9C42229DA11EB009C7686 /* Info.plist */ = {isa = PBXFileReference; lastKnownFileType = text.plist.xml; path = Info.plist; sourceTree = "<group>"; };
		D0FF0D5229E4898200837748 /* CollectionCell.swift */ = {isa = PBXFileReference; lastKnownFileType = sourcecode.swift; path = CollectionCell.swift; sourceTree = "<group>"; };
/* End PBXFileReference section */

/* Begin PBXFrameworksBuildPhase section */
		D011E9B92A320A0300E3E17F /* Frameworks */ = {
			isa = PBXFrameworksBuildPhase;
			buildActionMask = 2147483647;
			files = (
			);
			runOnlyForDeploymentPostprocessing = 0;
		};
		D0F9C40E29DA11E6009C7686 /* Frameworks */ = {
			isa = PBXFrameworksBuildPhase;
			buildActionMask = 2147483647;
			files = (
			);
			runOnlyForDeploymentPostprocessing = 0;
		};
/* End PBXFrameworksBuildPhase section */

/* Begin PBXGroup section */
		D011E9802A31E5FE00E3E17F /* Resources */ = {
			isa = PBXGroup;
			children = (
				D011E9852A31E63600E3E17F /* Localizable.strings */,
			);
			path = Resources;
			sourceTree = "<group>";
		};
		D011E9BD2A320A0300E3E17F /* TrackerTests */ = {
			isa = PBXGroup;
			children = (
				D011E9BE2A320A0300E3E17F /* TrackerTests.swift */,
			);
			path = TrackerTests;
			sourceTree = "<group>";
		};
		D01AEB002A152FBE00CD9D83 /* Domain */ = {
			isa = PBXGroup;
			children = (
				D066164E2A064DDB004A3A7D /* DataProvider.swift */,
				D01AEB012A1633ED00CD9D83 /* TrackerStore.swift */,
				D01AEB032A16415100CD9D83 /* TrackerCategoryStore.swift */,
				D01AEB052A1781AF00CD9D83 /* TrackerRecordStore.swift */,
			);
			path = Domain;
			sourceTree = "<group>";
		};
		D05991CC2A24AC3A0078BC78 /* ViewModels */ = {
			isa = PBXGroup;
			children = (
				D05991CD2A24AC5D0078BC78 /* CategoriesViewModel.swift */,
			);
			path = ViewModels;
			sourceTree = "<group>";
		};
		D089E5D329DA2B6F005F9FAF /* Helpers */ = {
			isa = PBXGroup;
			children = (
				D089E5EC29DDD956005F9FAF /* Emojies.swift */,
				D0CACCC929F5451E00BD9D91 /* Weekdays.swift */,
				D089E5D429DA2BC7005F9FAF /* UIColor+Extensions.swift */,
				D0F1B6FA29E3155B00471968 /* UITextField+Extension.swift */,
				D0ACD29529FEC40F000FB7F3 /* Date+Extensions.swift */,
				D0ACD29729FEF63B000FB7F3 /* Int+Extensions.swift */,
			);
			path = Helpers;
			sourceTree = "<group>";
		};
		D089E5D829DC48C2005F9FAF /* Application */ = {
			isa = PBXGroup;
			children = (
				D0F9C41629DA11E6009C7686 /* SceneDelegate.swift */,
				D0F9C41429DA11E6009C7686 /* AppDelegate.swift */,
				D0F9C41F29DA11EB009C7686 /* LaunchScreen.storyboard */,
			);
			path = Application;
			sourceTree = "<group>";
		};
		D089E5F529DF6B34005F9FAF /* MainScreen */ = {
			isa = PBXGroup;
			children = (
				D089E5DA29DC4AE0005F9FAF /* TrackersView.swift */,
				D089E5F029DF54B2005F9FAF /* TrackButton.swift */,
				D089E5EE29DEDC88005F9FAF /* TrackersHeader.swift */,
				D0840C722A1E7AAC00E7C2D7 /* EmojiColorCollectionView.swift */,
			);
			path = MainScreen;
			sourceTree = "<group>";
		};
		D0ACD28D29F9450A000FB7F3 /* Cells */ = {
			isa = PBXGroup;
			children = (
				D089E5DE29DD7C14005F9FAF /* TrackersCell.swift */,
				D0FF0D5229E4898200837748 /* CollectionCell.swift */,
				D0CACCC129F2E4A300BD9D91 /* CategoryCell.swift */,
				D011E97A2A310D0600E3E17F /* StatisticCell.swift */,
			);
			path = Cells;
			sourceTree = "<group>";
		};
		D0ACD28E29F94528000FB7F3 /* Models */ = {
			isa = PBXGroup;
			children = (
				D089E5E229DD86DA005F9FAF /* Models.swift */,
				D066164B2A064CC0004A3A7D /* Tracker.xcdatamodeld */,
			);
			path = Models;
			sourceTree = "<group>";
		};
		D0ACD28F29F94536000FB7F3 /* Controllers */ = {
			isa = PBXGroup;
			children = (
				D089E5D129DA26E3005F9FAF /* TabBarController.swift */,
				D0F9C41829DA11E6009C7686 /* TrackersViewController.swift */,
				D089E5F229DF6AB8005F9FAF /* ChoiceViewController.swift */,
				D0F1B6F429E04FE200471968 /* NewTrackerViewController.swift */,
				D0EEE2E829EDBF260021576D /* CategoriesViewController.swift */,
				D0CACCCB29F5509600BD9D91 /* EditCategoryViewController.swift */,
				D0CACCC529F4211400BD9D91 /* ScheduleViewController.swift */,
				D089E5CF29DA267A005F9FAF /* StatisticsViewController.swift */,
				D05991C82A239EE80078BC78 /* OnboardingViewController.swift */,
			);
			path = Controllers;
			sourceTree = "<group>";
		};
		D0ACD29029F9458A000FB7F3 /* Views */ = {
			isa = PBXGroup;
			children = (
				D089E5F529DF6B34005F9FAF /* MainScreen */,
				D0F1B6F329E04F3300471968 /* New Tracker */,
				D0CACCC329F420AE00BD9D91 /* Category */,
				D0CACCC429F420D300BD9D91 /* Schedule */,
				D0F1B6F229E04F1D00471968 /* Type */,
			);
			path = Views;
			sourceTree = "<group>";
		};
		D0CACCC329F420AE00BD9D91 /* Category */ = {
			isa = PBXGroup;
			children = (
				D02E3CB429F16CC300DFE26B /* EmptyCategoriesView.swift */,
				D02E3CB629F1A05000DFE26B /* CategoriesView.swift */,
			);
			path = Category;
			sourceTree = "<group>";
		};
		D0CACCC429F420D300BD9D91 /* Schedule */ = {
			isa = PBXGroup;
			children = (
				D0CACCC729F4214100BD9D91 /* ScheduleView.swift */,
			);
			path = Schedule;
			sourceTree = "<group>";
		};
		D0CACCCE29F580E000BD9D91 /* Storage */ = {
			isa = PBXGroup;
			children = (
				D0CACCCF29F580F400BD9D91 /* Storage.swift */,
			);
			path = Storage;
			sourceTree = "<group>";
		};
		D0F1B6F229E04F1D00471968 /* Type */ = {
			isa = PBXGroup;
			children = (
				D089E5F629DF6DC0005F9FAF /* ChoiceView.swift */,
			);
			path = Type;
			sourceTree = "<group>";
		};
		D0F1B6F329E04F3300471968 /* New Tracker */ = {
			isa = PBXGroup;
			children = (
				D0F1B6F629E04FF500471968 /* NewTrackerView.swift */,
				D0ACD29129F94876000FB7F3 /* CreateTrackerButton.swift */,
			);
			path = "New Tracker";
			sourceTree = "<group>";
		};
		D0F9C40829DA11E6009C7686 = {
			isa = PBXGroup;
			children = (
				D011E9802A31E5FE00E3E17F /* Resources */,
				D0F9C41329DA11E6009C7686 /* Tracker */,
				D011E9BD2A320A0300E3E17F /* TrackerTests */,
				D0F9C41229DA11E6009C7686 /* Products */,
			);
			sourceTree = "<group>";
		};
		D0F9C41229DA11E6009C7686 /* Products */ = {
			isa = PBXGroup;
			children = (
				D0F9C41129DA11E6009C7686 /* Tracker.app */,
				D011E9BC2A320A0300E3E17F /* TrackerTests.xctest */,
			);
			name = Products;
			sourceTree = "<group>";
		};
		D0F9C41329DA11E6009C7686 /* Tracker */ = {
			isa = PBXGroup;
			children = (
				D05991CC2A24AC3A0078BC78 /* ViewModels */,
				D01AEB002A152FBE00CD9D83 /* Domain */,
				D0ACD29029F9458A000FB7F3 /* Views */,
				D0ACD28F29F94536000FB7F3 /* Controllers */,
				D0ACD28E29F94528000FB7F3 /* Models */,
				D0ACD28D29F9450A000FB7F3 /* Cells */,
				D0CACCCE29F580E000BD9D91 /* Storage */,
				D089E5D829DC48C2005F9FAF /* Application */,
				D089E5D329DA2B6F005F9FAF /* Helpers */,
				D0F9C41D29DA11EB009C7686 /* Assets.xcassets */,
				D0F9C42229DA11EB009C7686 /* Info.plist */,
			);
			path = Tracker;
			sourceTree = "<group>";
		};
/* End PBXGroup section */

/* Begin PBXNativeTarget section */
		D011E9BB2A320A0300E3E17F /* TrackerTests */ = {
			isa = PBXNativeTarget;
			buildConfigurationList = D011E9C22A320A0300E3E17F /* Build configuration list for PBXNativeTarget "TrackerTests" */;
			buildPhases = (
				D011E9B82A320A0300E3E17F /* Sources */,
				D011E9B92A320A0300E3E17F /* Frameworks */,
				D011E9BA2A320A0300E3E17F /* Resources */,
			);
			buildRules = (
			);
			dependencies = (
				D011E9C12A320A0300E3E17F /* PBXTargetDependency */,
			);
			name = TrackerTests;
			productName = TrackerTests;
			productReference = D011E9BC2A320A0300E3E17F /* TrackerTests.xctest */;
			productType = "com.apple.product-type.bundle.unit-test";
		};
		D0F9C41029DA11E6009C7686 /* Tracker */ = {
			isa = PBXNativeTarget;
			buildConfigurationList = D0F9C42529DA11EB009C7686 /* Build configuration list for PBXNativeTarget "Tracker" */;
			buildPhases = (
				D0F9C40D29DA11E6009C7686 /* Sources */,
				D0F9C40E29DA11E6009C7686 /* Frameworks */,
				D0F9C40F29DA11E6009C7686 /* Resources */,
			);
			buildRules = (
			);
			dependencies = (
			);
			name = Tracker;
			productName = Tracker;
			productReference = D0F9C41129DA11E6009C7686 /* Tracker.app */;
			productType = "com.apple.product-type.application";
		};
/* End PBXNativeTarget section */

/* Begin PBXProject section */
		D0F9C40929DA11E6009C7686 /* Project object */ = {
			isa = PBXProject;
			attributes = {
				BuildIndependentTargetsInParallel = 1;
				LastSwiftUpdateCheck = 1420;
				LastUpgradeCheck = 1420;
				TargetAttributes = {
					D011E9BB2A320A0300E3E17F = {
						CreatedOnToolsVersion = 14.2;
						TestTargetID = D0F9C41029DA11E6009C7686;
					};
					D0F9C41029DA11E6009C7686 = {
						CreatedOnToolsVersion = 14.2;
					};
				};
			};
			buildConfigurationList = D0F9C40C29DA11E6009C7686 /* Build configuration list for PBXProject "Tracker" */;
			compatibilityVersion = "Xcode 14.0";
			developmentRegion = en;
			hasScannedForEncodings = 0;
			knownRegions = (
				en,
				Base,
				ru,
			);
			mainGroup = D0F9C40829DA11E6009C7686;
			productRefGroup = D0F9C41229DA11E6009C7686 /* Products */;
			projectDirPath = "";
			projectRoot = "";
			targets = (
				D0F9C41029DA11E6009C7686 /* Tracker */,
				D011E9BB2A320A0300E3E17F /* TrackerTests */,
			);
		};
/* End PBXProject section */

/* Begin PBXResourcesBuildPhase section */
		D011E9BA2A320A0300E3E17F /* Resources */ = {
			isa = PBXResourcesBuildPhase;
			buildActionMask = 2147483647;
			files = (
			);
			runOnlyForDeploymentPostprocessing = 0;
		};
		D0F9C40F29DA11E6009C7686 /* Resources */ = {
			isa = PBXResourcesBuildPhase;
			buildActionMask = 2147483647;
			files = (
				D0F9C42129DA11EB009C7686 /* LaunchScreen.storyboard in Resources */,
				D011E9832A31E63600E3E17F /* Localizable.strings in Resources */,
				D0F9C41E29DA11EB009C7686 /* Assets.xcassets in Resources */,
			);
			runOnlyForDeploymentPostprocessing = 0;
		};
/* End PBXResourcesBuildPhase section */

/* Begin PBXSourcesBuildPhase section */
		D011E9B82A320A0300E3E17F /* Sources */ = {
			isa = PBXSourcesBuildPhase;
			buildActionMask = 2147483647;
			files = (
				D011E9BF2A320A0300E3E17F /* TrackerTests.swift in Sources */,
			);
			runOnlyForDeploymentPostprocessing = 0;
		};
		D0F9C40D29DA11E6009C7686 /* Sources */ = {
			isa = PBXSourcesBuildPhase;
			buildActionMask = 2147483647;
			files = (
				D0CACCC229F2E4A300BD9D91 /* CategoryCell.swift in Sources */,
				D089E5ED29DDD956005F9FAF /* Emojies.swift in Sources */,
				D089E5F129DF54B2005F9FAF /* TrackButton.swift in Sources */,
				D0CACCC629F4211400BD9D91 /* ScheduleViewController.swift in Sources */,
				D01AEB042A16415100CD9D83 /* TrackerCategoryStore.swift in Sources */,
				D089E5DF29DD7C14005F9FAF /* TrackersCell.swift in Sources */,
				D089E5F329DF6AB8005F9FAF /* ChoiceViewController.swift in Sources */,
				D089E5D229DA26E3005F9FAF /* TabBarController.swift in Sources */,
				D089E5DB29DC4AE0005F9FAF /* TrackersView.swift in Sources */,
				D066164F2A064DDB004A3A7D /* DataProvider.swift in Sources */,
				D0F9C41929DA11E6009C7686 /* TrackersViewController.swift in Sources */,
				D0ACD29829FEF63B000FB7F3 /* Int+Extensions.swift in Sources */,
				D0CACCC829F4214100BD9D91 /* ScheduleView.swift in Sources */,
				D02E3CB729F1A05000DFE26B /* CategoriesView.swift in Sources */,
				D0F1B6F529E04FE200471968 /* NewTrackerViewController.swift in Sources */,
				D066164D2A064CC0004A3A7D /* Tracker.xcdatamodeld in Sources */,
				D0F1B6FB29E3155B00471968 /* UITextField+Extension.swift in Sources */,
				D0F9C41529DA11E6009C7686 /* AppDelegate.swift in Sources */,
				D01AEB022A1633ED00CD9D83 /* TrackerStore.swift in Sources */,
				D0CACCD029F580F400BD9D91 /* Storage.swift in Sources */,
				D089E5F729DF6DC0005F9FAF /* ChoiceView.swift in Sources */,
				D0CACCCC29F5509600BD9D91 /* EditCategoryViewController.swift in Sources */,
				D0CACCCA29F5451E00BD9D91 /* Weekdays.swift in Sources */,
				D0840C732A1E7AAC00E7C2D7 /* EmojiColorCollectionView.swift in Sources */,
				D0F9C41729DA11E6009C7686 /* SceneDelegate.swift in Sources */,
				D011E97B2A310D0600E3E17F /* StatisticCell.swift in Sources */,
				D089E5D529DA2BC7005F9FAF /* UIColor+Extensions.swift in Sources */,
				D0ACD29229F94876000FB7F3 /* CreateTrackerButton.swift in Sources */,
				D0EEE2E929EDBF260021576D /* CategoriesViewController.swift in Sources */,
				D089E5EF29DEDC88005F9FAF /* TrackersHeader.swift in Sources */,
				D0F1B6F729E04FF500471968 /* NewTrackerView.swift in Sources */,
				D0ACD29629FEC40F000FB7F3 /* Date+Extensions.swift in Sources */,
				D05991C92A239EE80078BC78 /* OnboardingViewController.swift in Sources */,
				D01AEB062A1781AF00CD9D83 /* TrackerRecordStore.swift in Sources */,
				D089E5D029DA267A005F9FAF /* StatisticsViewController.swift in Sources */,
				D0FF0D5329E4898200837748 /* CollectionCell.swift in Sources */,
				D02E3CB529F16CC300DFE26B /* EmptyCategoriesView.swift in Sources */,
				D05991CE2A24AC5D0078BC78 /* CategoriesViewModel.swift in Sources */,
				D089E5E329DD86DA005F9FAF /* Models.swift in Sources */,
			);
			runOnlyForDeploymentPostprocessing = 0;
		};
/* End PBXSourcesBuildPhase section */

/* Begin PBXTargetDependency section */
		D011E9C12A320A0300E3E17F /* PBXTargetDependency */ = {
			isa = PBXTargetDependency;
			target = D0F9C41029DA11E6009C7686 /* Tracker */;
			targetProxy = D011E9C02A320A0300E3E17F /* PBXContainerItemProxy */;
		};
/* End PBXTargetDependency section */

/* Begin PBXVariantGroup section */
		D011E9852A31E63600E3E17F /* Localizable.strings */ = {
			isa = PBXVariantGroup;
			children = (
				D011E9842A31E63600E3E17F /* en */,
				D011E9862A31E64900E3E17F /* ru */,
			);
			name = Localizable.strings;
			sourceTree = "<group>";
		};
		D0F9C41F29DA11EB009C7686 /* LaunchScreen.storyboard */ = {
			isa = PBXVariantGroup;
			children = (
				D0F9C42029DA11EB009C7686 /* Base */,
			);
			name = LaunchScreen.storyboard;
			sourceTree = "<group>";
		};
/* End PBXVariantGroup section */

/* Begin XCBuildConfiguration section */
		D011E9C32A320A0300E3E17F /* Debug */ = {
			isa = XCBuildConfiguration;
			buildSettings = {
				BUNDLE_LOADER = "$(TEST_HOST)";
				CODE_SIGN_STYLE = Automatic;
				CURRENT_PROJECT_VERSION = 1;
				DEVELOPMENT_TEAM = 6P6HF74P83;
				GENERATE_INFOPLIST_FILE = YES;
				MARKETING_VERSION = 1.0;
				PRODUCT_BUNDLE_IDENTIFIER = maximag.TrackerTests;
				PRODUCT_NAME = "$(TARGET_NAME)";
				SWIFT_EMIT_LOC_STRINGS = NO;
				SWIFT_VERSION = 5.0;
				TARGETED_DEVICE_FAMILY = "1,2";
				TEST_HOST = "$(BUILT_PRODUCTS_DIR)/Tracker.app/$(BUNDLE_EXECUTABLE_FOLDER_PATH)/Tracker";
			};
			name = Debug;
		};
		D011E9C42A320A0300E3E17F /* Release */ = {
			isa = XCBuildConfiguration;
			buildSettings = {
				BUNDLE_LOADER = "$(TEST_HOST)";
				CODE_SIGN_STYLE = Automatic;
				CURRENT_PROJECT_VERSION = 1;
				DEVELOPMENT_TEAM = 6P6HF74P83;
				GENERATE_INFOPLIST_FILE = YES;
				MARKETING_VERSION = 1.0;
				PRODUCT_BUNDLE_IDENTIFIER = maximag.TrackerTests;
				PRODUCT_NAME = "$(TARGET_NAME)";
				SWIFT_EMIT_LOC_STRINGS = NO;
				SWIFT_VERSION = 5.0;
				TARGETED_DEVICE_FAMILY = "1,2";
				TEST_HOST = "$(BUILT_PRODUCTS_DIR)/Tracker.app/$(BUNDLE_EXECUTABLE_FOLDER_PATH)/Tracker";
			};
			name = Release;
		};
		D0F9C42329DA11EB009C7686 /* Debug */ = {
			isa = XCBuildConfiguration;
			buildSettings = {
				ALWAYS_SEARCH_USER_PATHS = NO;
				CLANG_ANALYZER_LOCALIZABILITY_NONLOCALIZED = YES;
				CLANG_ANALYZER_NONNULL = YES;
				CLANG_ANALYZER_NUMBER_OBJECT_CONVERSION = YES_AGGRESSIVE;
				CLANG_CXX_LANGUAGE_STANDARD = "gnu++20";
				CLANG_ENABLE_MODULES = YES;
				CLANG_ENABLE_OBJC_ARC = YES;
				CLANG_ENABLE_OBJC_WEAK = YES;
				CLANG_WARN_BLOCK_CAPTURE_AUTORELEASING = YES;
				CLANG_WARN_BOOL_CONVERSION = YES;
				CLANG_WARN_COMMA = YES;
				CLANG_WARN_CONSTANT_CONVERSION = YES;
				CLANG_WARN_DEPRECATED_OBJC_IMPLEMENTATIONS = YES;
				CLANG_WARN_DIRECT_OBJC_ISA_USAGE = YES_ERROR;
				CLANG_WARN_DOCUMENTATION_COMMENTS = YES;
				CLANG_WARN_EMPTY_BODY = YES;
				CLANG_WARN_ENUM_CONVERSION = YES;
				CLANG_WARN_INFINITE_RECURSION = YES;
				CLANG_WARN_INT_CONVERSION = YES;
				CLANG_WARN_NON_LITERAL_NULL_CONVERSION = YES;
				CLANG_WARN_OBJC_IMPLICIT_RETAIN_SELF = YES;
				CLANG_WARN_OBJC_LITERAL_CONVERSION = YES;
				CLANG_WARN_OBJC_ROOT_CLASS = YES_ERROR;
				CLANG_WARN_QUOTED_INCLUDE_IN_FRAMEWORK_HEADER = YES;
				CLANG_WARN_RANGE_LOOP_ANALYSIS = YES;
				CLANG_WARN_STRICT_PROTOTYPES = YES;
				CLANG_WARN_SUSPICIOUS_MOVE = YES;
				CLANG_WARN_UNGUARDED_AVAILABILITY = YES_AGGRESSIVE;
				CLANG_WARN_UNREACHABLE_CODE = YES;
				CLANG_WARN__DUPLICATE_METHOD_MATCH = YES;
				COPY_PHASE_STRIP = NO;
				DEBUG_INFORMATION_FORMAT = dwarf;
				ENABLE_STRICT_OBJC_MSGSEND = YES;
				ENABLE_TESTABILITY = YES;
				GCC_C_LANGUAGE_STANDARD = gnu11;
				GCC_DYNAMIC_NO_PIC = NO;
				GCC_NO_COMMON_BLOCKS = YES;
				GCC_OPTIMIZATION_LEVEL = 0;
				GCC_PREPROCESSOR_DEFINITIONS = (
					"DEBUG=1",
					"$(inherited)",
				);
				GCC_WARN_64_TO_32_BIT_CONVERSION = YES;
				GCC_WARN_ABOUT_RETURN_TYPE = YES_ERROR;
				GCC_WARN_UNDECLARED_SELECTOR = YES;
				GCC_WARN_UNINITIALIZED_AUTOS = YES_AGGRESSIVE;
				GCC_WARN_UNUSED_FUNCTION = YES;
				GCC_WARN_UNUSED_VARIABLE = YES;
				IPHONEOS_DEPLOYMENT_TARGET = 16.2;
				MTL_ENABLE_DEBUG_INFO = INCLUDE_SOURCE;
				MTL_FAST_MATH = YES;
				ONLY_ACTIVE_ARCH = YES;
				SDKROOT = iphoneos;
				SWIFT_ACTIVE_COMPILATION_CONDITIONS = DEBUG;
				SWIFT_OPTIMIZATION_LEVEL = "-Onone";
			};
			name = Debug;
		};
		D0F9C42429DA11EB009C7686 /* Release */ = {
			isa = XCBuildConfiguration;
			buildSettings = {
				ALWAYS_SEARCH_USER_PATHS = NO;
				CLANG_ANALYZER_LOCALIZABILITY_NONLOCALIZED = YES;
				CLANG_ANALYZER_NONNULL = YES;
				CLANG_ANALYZER_NUMBER_OBJECT_CONVERSION = YES_AGGRESSIVE;
				CLANG_CXX_LANGUAGE_STANDARD = "gnu++20";
				CLANG_ENABLE_MODULES = YES;
				CLANG_ENABLE_OBJC_ARC = YES;
				CLANG_ENABLE_OBJC_WEAK = YES;
				CLANG_WARN_BLOCK_CAPTURE_AUTORELEASING = YES;
				CLANG_WARN_BOOL_CONVERSION = YES;
				CLANG_WARN_COMMA = YES;
				CLANG_WARN_CONSTANT_CONVERSION = YES;
				CLANG_WARN_DEPRECATED_OBJC_IMPLEMENTATIONS = YES;
				CLANG_WARN_DIRECT_OBJC_ISA_USAGE = YES_ERROR;
				CLANG_WARN_DOCUMENTATION_COMMENTS = YES;
				CLANG_WARN_EMPTY_BODY = YES;
				CLANG_WARN_ENUM_CONVERSION = YES;
				CLANG_WARN_INFINITE_RECURSION = YES;
				CLANG_WARN_INT_CONVERSION = YES;
				CLANG_WARN_NON_LITERAL_NULL_CONVERSION = YES;
				CLANG_WARN_OBJC_IMPLICIT_RETAIN_SELF = YES;
				CLANG_WARN_OBJC_LITERAL_CONVERSION = YES;
				CLANG_WARN_OBJC_ROOT_CLASS = YES_ERROR;
				CLANG_WARN_QUOTED_INCLUDE_IN_FRAMEWORK_HEADER = YES;
				CLANG_WARN_RANGE_LOOP_ANALYSIS = YES;
				CLANG_WARN_STRICT_PROTOTYPES = YES;
				CLANG_WARN_SUSPICIOUS_MOVE = YES;
				CLANG_WARN_UNGUARDED_AVAILABILITY = YES_AGGRESSIVE;
				CLANG_WARN_UNREACHABLE_CODE = YES;
				CLANG_WARN__DUPLICATE_METHOD_MATCH = YES;
				COPY_PHASE_STRIP = NO;
				DEBUG_INFORMATION_FORMAT = "dwarf-with-dsym";
				ENABLE_NS_ASSERTIONS = NO;
				ENABLE_STRICT_OBJC_MSGSEND = YES;
				GCC_C_LANGUAGE_STANDARD = gnu11;
				GCC_NO_COMMON_BLOCKS = YES;
				GCC_WARN_64_TO_32_BIT_CONVERSION = YES;
				GCC_WARN_ABOUT_RETURN_TYPE = YES_ERROR;
				GCC_WARN_UNDECLARED_SELECTOR = YES;
				GCC_WARN_UNINITIALIZED_AUTOS = YES_AGGRESSIVE;
				GCC_WARN_UNUSED_FUNCTION = YES;
				GCC_WARN_UNUSED_VARIABLE = YES;
				IPHONEOS_DEPLOYMENT_TARGET = 16.2;
				MTL_ENABLE_DEBUG_INFO = NO;
				MTL_FAST_MATH = YES;
				SDKROOT = iphoneos;
				SWIFT_COMPILATION_MODE = wholemodule;
				SWIFT_OPTIMIZATION_LEVEL = "-O";
				VALIDATE_PRODUCT = YES;
			};
			name = Release;
		};
		D0F9C42629DA11EB009C7686 /* Debug */ = {
			isa = XCBuildConfiguration;
			buildSettings = {
				ASSETCATALOG_COMPILER_APPICON_NAME = AppIcon;
				ASSETCATALOG_COMPILER_GLOBAL_ACCENT_COLOR_NAME = AccentColor;
				CODE_SIGN_STYLE = Automatic;
				CURRENT_PROJECT_VERSION = 1;
				DEVELOPMENT_TEAM = 6P6HF74P83;
				GENERATE_INFOPLIST_FILE = YES;
				INFOPLIST_FILE = Tracker/Info.plist;
				INFOPLIST_KEY_CFBundleDisplayName = "";
				INFOPLIST_KEY_LSApplicationCategoryType = "public.app-category.lifestyle";
				INFOPLIST_KEY_UIApplicationSupportsIndirectInputEvents = YES;
				INFOPLIST_KEY_UILaunchStoryboardName = LaunchScreen.storyboard;
				INFOPLIST_KEY_UISupportedInterfaceOrientations = UIInterfaceOrientationPortrait;
				INFOPLIST_KEY_UISupportedInterfaceOrientations_iPad = "UIInterfaceOrientationLandscapeLeft UIInterfaceOrientationLandscapeRight UIInterfaceOrientationPortrait UIInterfaceOrientationPortraitUpsideDown";
				IPHONEOS_DEPLOYMENT_TARGET = 13.4;
				LD_RUNPATH_SEARCH_PATHS = (
					"$(inherited)",
					"@executable_path/Frameworks",
				);
				MARKETING_VERSION = 1.0;
				PRODUCT_BUNDLE_IDENTIFIER = maximag.Tracker;
				PRODUCT_NAME = "$(TARGET_NAME)";
				SUPPORTED_PLATFORMS = "iphoneos iphonesimulator";
				SUPPORTS_MACCATALYST = NO;
				SUPPORTS_MAC_DESIGNED_FOR_IPHONE_IPAD = NO;
				SWIFT_EMIT_LOC_STRINGS = YES;
				SWIFT_VERSION = 5.0;
				TARGETED_DEVICE_FAMILY = 1;
			};
			name = Debug;
		};
		D0F9C42729DA11EB009C7686 /* Release */ = {
			isa = XCBuildConfiguration;
			buildSettings = {
				ASSETCATALOG_COMPILER_APPICON_NAME = AppIcon;
				ASSETCATALOG_COMPILER_GLOBAL_ACCENT_COLOR_NAME = AccentColor;
				CODE_SIGN_STYLE = Automatic;
				CURRENT_PROJECT_VERSION = 1;
				DEVELOPMENT_TEAM = 6P6HF74P83;
				GENERATE_INFOPLIST_FILE = YES;
				INFOPLIST_FILE = Tracker/Info.plist;
				INFOPLIST_KEY_CFBundleDisplayName = "";
				INFOPLIST_KEY_LSApplicationCategoryType = "public.app-category.lifestyle";
				INFOPLIST_KEY_UIApplicationSupportsIndirectInputEvents = YES;
				INFOPLIST_KEY_UILaunchStoryboardName = LaunchScreen.storyboard;
				INFOPLIST_KEY_UISupportedInterfaceOrientations = UIInterfaceOrientationPortrait;
				INFOPLIST_KEY_UISupportedInterfaceOrientations_iPad = "UIInterfaceOrientationLandscapeLeft UIInterfaceOrientationLandscapeRight UIInterfaceOrientationPortrait UIInterfaceOrientationPortraitUpsideDown";
				IPHONEOS_DEPLOYMENT_TARGET = 13.4;
				LD_RUNPATH_SEARCH_PATHS = (
					"$(inherited)",
					"@executable_path/Frameworks",
				);
				MARKETING_VERSION = 1.0;
				PRODUCT_BUNDLE_IDENTIFIER = maximag.Tracker;
				PRODUCT_NAME = "$(TARGET_NAME)";
				SUPPORTED_PLATFORMS = "iphoneos iphonesimulator";
				SUPPORTS_MACCATALYST = NO;
				SUPPORTS_MAC_DESIGNED_FOR_IPHONE_IPAD = NO;
				SWIFT_EMIT_LOC_STRINGS = YES;
				SWIFT_VERSION = 5.0;
				TARGETED_DEVICE_FAMILY = 1;
			};
			name = Release;
		};
/* End XCBuildConfiguration section */

/* Begin XCConfigurationList section */
		D011E9C22A320A0300E3E17F /* Build configuration list for PBXNativeTarget "TrackerTests" */ = {
			isa = XCConfigurationList;
			buildConfigurations = (
				D011E9C32A320A0300E3E17F /* Debug */,
				D011E9C42A320A0300E3E17F /* Release */,
			);
			defaultConfigurationIsVisible = 0;
			defaultConfigurationName = Release;
		};
		D0F9C40C29DA11E6009C7686 /* Build configuration list for PBXProject "Tracker" */ = {
			isa = XCConfigurationList;
			buildConfigurations = (
				D0F9C42329DA11EB009C7686 /* Debug */,
				D0F9C42429DA11EB009C7686 /* Release */,
			);
			defaultConfigurationIsVisible = 0;
			defaultConfigurationName = Release;
		};
		D0F9C42529DA11EB009C7686 /* Build configuration list for PBXNativeTarget "Tracker" */ = {
			isa = XCConfigurationList;
			buildConfigurations = (
				D0F9C42629DA11EB009C7686 /* Debug */,
				D0F9C42729DA11EB009C7686 /* Release */,
			);
			defaultConfigurationIsVisible = 0;
			defaultConfigurationName = Release;
		};
/* End XCConfigurationList section */

/* Begin XCVersionGroup section */
		D066164B2A064CC0004A3A7D /* Tracker.xcdatamodeld */ = {
			isa = XCVersionGroup;
			children = (
				D066164C2A064CC0004A3A7D /* Tracker.xcdatamodel */,
			);
			currentVersion = D066164C2A064CC0004A3A7D /* Tracker.xcdatamodel */;
			path = Tracker.xcdatamodeld;
			sourceTree = "<group>";
			versionGroupType = wrapper.xcdatamodel;
		};
/* End XCVersionGroup section */
	};
	rootObject = D0F9C40929DA11E6009C7686 /* Project object */;
}
