// !$*UTF8*$!
{
	archiveVersion = 1;
	classes = {
	};
	objectVersion = 56;
	objects = {

/* Begin PBXBuildFile section */
		D089E5D029DA267A005F9FAF /* StatisticsViewController.swift in Sources */ = {isa = PBXBuildFile; fileRef = D089E5CF29DA267A005F9FAF /* StatisticsViewController.swift */; };
		D089E5D229DA26E3005F9FAF /* TabBarController.swift in Sources */ = {isa = PBXBuildFile; fileRef = D089E5D129DA26E3005F9FAF /* TabBarController.swift */; };
		D089E5D529DA2BC7005F9FAF /* UIColor+Extensions.swift.swift in Sources */ = {isa = PBXBuildFile; fileRef = D089E5D429DA2BC7005F9FAF /* UIColor+Extensions.swift.swift */; };
		D089E5DB29DC4AE0005F9FAF /* TrackersView.swift in Sources */ = {isa = PBXBuildFile; fileRef = D089E5DA29DC4AE0005F9FAF /* TrackersView.swift */; };
		D089E5DD29DC4AF6005F9FAF /* TrackersPresenter.swift in Sources */ = {isa = PBXBuildFile; fileRef = D089E5DC29DC4AF6005F9FAF /* TrackersPresenter.swift */; };
		D089E5DF29DD7C14005F9FAF /* TrackersCell.swift in Sources */ = {isa = PBXBuildFile; fileRef = D089E5DE29DD7C14005F9FAF /* TrackersCell.swift */; };
		D089E5E329DD86DA005F9FAF /* Models.swift in Sources */ = {isa = PBXBuildFile; fileRef = D089E5E229DD86DA005F9FAF /* Models.swift */; };
		D089E5E929DD9ECA005F9FAF /* UIFont+Extensions.swift in Sources */ = {isa = PBXBuildFile; fileRef = D089E5E829DD9ECA005F9FAF /* UIFont+Extensions.swift */; };
		D089E5ED29DDD956005F9FAF /* Emojies.swift in Sources */ = {isa = PBXBuildFile; fileRef = D089E5EC29DDD956005F9FAF /* Emojies.swift */; };
		D089E5EF29DEDC88005F9FAF /* TrackersHeader.swift in Sources */ = {isa = PBXBuildFile; fileRef = D089E5EE29DEDC88005F9FAF /* TrackersHeader.swift */; };
		D089E5F129DF54B2005F9FAF /* TrackButton.swift in Sources */ = {isa = PBXBuildFile; fileRef = D089E5F029DF54B2005F9FAF /* TrackButton.swift */; };
		D0F9C41529DA11E6009C7686 /* AppDelegate.swift in Sources */ = {isa = PBXBuildFile; fileRef = D0F9C41429DA11E6009C7686 /* AppDelegate.swift */; };
		D0F9C41729DA11E6009C7686 /* SceneDelegate.swift in Sources */ = {isa = PBXBuildFile; fileRef = D0F9C41629DA11E6009C7686 /* SceneDelegate.swift */; };
		D0F9C41929DA11E6009C7686 /* TrackersViewController.swift in Sources */ = {isa = PBXBuildFile; fileRef = D0F9C41829DA11E6009C7686 /* TrackersViewController.swift */; };
		D0F9C41E29DA11EB009C7686 /* Assets.xcassets in Resources */ = {isa = PBXBuildFile; fileRef = D0F9C41D29DA11EB009C7686 /* Assets.xcassets */; };
		D0F9C42129DA11EB009C7686 /* LaunchScreen.storyboard in Resources */ = {isa = PBXBuildFile; fileRef = D0F9C41F29DA11EB009C7686 /* LaunchScreen.storyboard */; };
/* End PBXBuildFile section */

/* Begin PBXFileReference section */
		D089E5CF29DA267A005F9FAF /* StatisticsViewController.swift */ = {isa = PBXFileReference; lastKnownFileType = sourcecode.swift; path = StatisticsViewController.swift; sourceTree = "<group>"; };
		D089E5D129DA26E3005F9FAF /* TabBarController.swift */ = {isa = PBXFileReference; lastKnownFileType = sourcecode.swift; path = TabBarController.swift; sourceTree = "<group>"; };
		D089E5D429DA2BC7005F9FAF /* UIColor+Extensions.swift.swift */ = {isa = PBXFileReference; fileEncoding = 4; lastKnownFileType = sourcecode.swift; path = "UIColor+Extensions.swift.swift"; sourceTree = "<group>"; };
		D089E5DA29DC4AE0005F9FAF /* TrackersView.swift */ = {isa = PBXFileReference; lastKnownFileType = sourcecode.swift; path = TrackersView.swift; sourceTree = "<group>"; };
		D089E5DC29DC4AF6005F9FAF /* TrackersPresenter.swift */ = {isa = PBXFileReference; lastKnownFileType = sourcecode.swift; path = TrackersPresenter.swift; sourceTree = "<group>"; };
		D089E5DE29DD7C14005F9FAF /* TrackersCell.swift */ = {isa = PBXFileReference; lastKnownFileType = sourcecode.swift; path = TrackersCell.swift; sourceTree = "<group>"; };
		D089E5E229DD86DA005F9FAF /* Models.swift */ = {isa = PBXFileReference; lastKnownFileType = sourcecode.swift; path = Models.swift; sourceTree = "<group>"; };
		D089E5E829DD9ECA005F9FAF /* UIFont+Extensions.swift */ = {isa = PBXFileReference; lastKnownFileType = sourcecode.swift; path = "UIFont+Extensions.swift"; sourceTree = "<group>"; };
		D089E5EC29DDD956005F9FAF /* Emojies.swift */ = {isa = PBXFileReference; lastKnownFileType = sourcecode.swift; path = Emojies.swift; sourceTree = "<group>"; };
		D089E5EE29DEDC88005F9FAF /* TrackersHeader.swift */ = {isa = PBXFileReference; lastKnownFileType = sourcecode.swift; path = TrackersHeader.swift; sourceTree = "<group>"; };
		D089E5F029DF54B2005F9FAF /* TrackButton.swift */ = {isa = PBXFileReference; lastKnownFileType = sourcecode.swift; path = TrackButton.swift; sourceTree = "<group>"; };
		D0F9C41129DA11E6009C7686 /* Tracker.app */ = {isa = PBXFileReference; explicitFileType = wrapper.application; includeInIndex = 0; path = Tracker.app; sourceTree = BUILT_PRODUCTS_DIR; };
		D0F9C41429DA11E6009C7686 /* AppDelegate.swift */ = {isa = PBXFileReference; lastKnownFileType = sourcecode.swift; path = AppDelegate.swift; sourceTree = "<group>"; };
		D0F9C41629DA11E6009C7686 /* SceneDelegate.swift */ = {isa = PBXFileReference; lastKnownFileType = sourcecode.swift; path = SceneDelegate.swift; sourceTree = "<group>"; };
		D0F9C41829DA11E6009C7686 /* TrackersViewController.swift */ = {isa = PBXFileReference; lastKnownFileType = sourcecode.swift; path = TrackersViewController.swift; sourceTree = "<group>"; };
		D0F9C41D29DA11EB009C7686 /* Assets.xcassets */ = {isa = PBXFileReference; lastKnownFileType = folder.assetcatalog; path = Assets.xcassets; sourceTree = "<group>"; };
		D0F9C42029DA11EB009C7686 /* Base */ = {isa = PBXFileReference; lastKnownFileType = file.storyboard; name = Base; path = Base.lproj/LaunchScreen.storyboard; sourceTree = "<group>"; };
		D0F9C42229DA11EB009C7686 /* Info.plist */ = {isa = PBXFileReference; lastKnownFileType = text.plist.xml; path = Info.plist; sourceTree = "<group>"; };
/* End PBXFileReference section */

/* Begin PBXFrameworksBuildPhase section */
		D0F9C40E29DA11E6009C7686 /* Frameworks */ = {
			isa = PBXFrameworksBuildPhase;
			buildActionMask = 2147483647;
			files = (
			);
			runOnlyForDeploymentPostprocessing = 0;
		};
/* End PBXFrameworksBuildPhase section */

/* Begin PBXGroup section */
		D089E5D329DA2B6F005F9FAF /* Helpers */ = {
			isa = PBXGroup;
			children = (
				D089E5D429DA2BC7005F9FAF /* UIColor+Extensions.swift.swift */,
				D089E5E829DD9ECA005F9FAF /* UIFont+Extensions.swift */,
				D089E5EC29DDD956005F9FAF /* Emojies.swift */,
			);
			path = Helpers;
			sourceTree = "<group>";
		};
		D089E5D629DC486A005F9FAF /* Trackers */ = {
			isa = PBXGroup;
			children = (
				D089E5E229DD86DA005F9FAF /* Models.swift */,
				D0F9C41829DA11E6009C7686 /* TrackersViewController.swift */,
				D089E5DA29DC4AE0005F9FAF /* TrackersView.swift */,
				D089E5DC29DC4AF6005F9FAF /* TrackersPresenter.swift */,
				D089E5F029DF54B2005F9FAF /* TrackButton.swift */,
				D089E5DE29DD7C14005F9FAF /* TrackersCell.swift */,
				D089E5EE29DEDC88005F9FAF /* TrackersHeader.swift */,
			);
			path = Trackers;
			sourceTree = "<group>";
		};
		D089E5D729DC4886005F9FAF /* Statistics */ = {
			isa = PBXGroup;
			children = (
				D089E5CF29DA267A005F9FAF /* StatisticsViewController.swift */,
			);
			path = Statistics;
			sourceTree = "<group>";
		};
		D089E5D829DC48C2005F9FAF /* Application */ = {
			isa = PBXGroup;
			children = (
				D0F9C41629DA11E6009C7686 /* SceneDelegate.swift */,
				D0F9C41429DA11E6009C7686 /* AppDelegate.swift */,
				D0F9C41F29DA11EB009C7686 /* LaunchScreen.storyboard */,
			);
			path = Application;
			sourceTree = "<group>";
		};
		D089E5D929DC48EC005F9FAF /* TabBar */ = {
			isa = PBXGroup;
			children = (
				D089E5D129DA26E3005F9FAF /* TabBarController.swift */,
			);
			path = TabBar;
			sourceTree = "<group>";
		};
		D0F9C40829DA11E6009C7686 = {
			isa = PBXGroup;
			children = (
				D0F9C41329DA11E6009C7686 /* Tracker */,
				D0F9C41229DA11E6009C7686 /* Products */,
			);
			sourceTree = "<group>";
		};
		D0F9C41229DA11E6009C7686 /* Products */ = {
			isa = PBXGroup;
			children = (
				D0F9C41129DA11E6009C7686 /* Tracker.app */,
			);
			name = Products;
			sourceTree = "<group>";
		};
		D0F9C41329DA11E6009C7686 /* Tracker */ = {
			isa = PBXGroup;
			children = (
				D089E5D629DC486A005F9FAF /* Trackers */,
				D089E5D729DC4886005F9FAF /* Statistics */,
				D089E5D929DC48EC005F9FAF /* TabBar */,
				D089E5D829DC48C2005F9FAF /* Application */,
				D089E5D329DA2B6F005F9FAF /* Helpers */,
				D0F9C41D29DA11EB009C7686 /* Assets.xcassets */,
				D0F9C42229DA11EB009C7686 /* Info.plist */,
			);
			path = Tracker;
			sourceTree = "<group>";
		};
/* End PBXGroup section */

/* Begin PBXNativeTarget section */
		D0F9C41029DA11E6009C7686 /* Tracker */ = {
			isa = PBXNativeTarget;
			buildConfigurationList = D0F9C42529DA11EB009C7686 /* Build configuration list for PBXNativeTarget "Tracker" */;
			buildPhases = (
				D0F9C40D29DA11E6009C7686 /* Sources */,
				D0F9C40E29DA11E6009C7686 /* Frameworks */,
				D0F9C40F29DA11E6009C7686 /* Resources */,
			);
			buildRules = (
			);
			dependencies = (
			);
			name = Tracker;
			productName = Tracker;
			productReference = D0F9C41129DA11E6009C7686 /* Tracker.app */;
			productType = "com.apple.product-type.application";
		};
/* End PBXNativeTarget section */

/* Begin PBXProject section */
		D0F9C40929DA11E6009C7686 /* Project object */ = {
			isa = PBXProject;
			attributes = {
				BuildIndependentTargetsInParallel = 1;
				LastSwiftUpdateCheck = 1420;
				LastUpgradeCheck = 1420;
				TargetAttributes = {
					D0F9C41029DA11E6009C7686 = {
						CreatedOnToolsVersion = 14.2;
					};
				};
			};
			buildConfigurationList = D0F9C40C29DA11E6009C7686 /* Build configuration list for PBXProject "Tracker" */;
			compatibilityVersion = "Xcode 14.0";
			developmentRegion = en;
			hasScannedForEncodings = 0;
			knownRegions = (
				en,
				Base,
			);
			mainGroup = D0F9C40829DA11E6009C7686;
			productRefGroup = D0F9C41229DA11E6009C7686 /* Products */;
			projectDirPath = "";
			projectRoot = "";
			targets = (
				D0F9C41029DA11E6009C7686 /* Tracker */,
			);
		};
/* End PBXProject section */

/* Begin PBXResourcesBuildPhase section */
		D0F9C40F29DA11E6009C7686 /* Resources */ = {
			isa = PBXResourcesBuildPhase;
			buildActionMask = 2147483647;
			files = (
				D0F9C42129DA11EB009C7686 /* LaunchScreen.storyboard in Resources */,
				D0F9C41E29DA11EB009C7686 /* Assets.xcassets in Resources */,
			);
			runOnlyForDeploymentPostprocessing = 0;
		};
/* End PBXResourcesBuildPhase section */

/* Begin PBXSourcesBuildPhase section */
		D0F9C40D29DA11E6009C7686 /* Sources */ = {
			isa = PBXSourcesBuildPhase;
			buildActionMask = 2147483647;
			files = (
				D089E5ED29DDD956005F9FAF /* Emojies.swift in Sources */,
				D089E5F129DF54B2005F9FAF /* TrackButton.swift in Sources */,
				D089E5DF29DD7C14005F9FAF /* TrackersCell.swift in Sources */,
				D089E5E929DD9ECA005F9FAF /* UIFont+Extensions.swift in Sources */,
				D089E5D229DA26E3005F9FAF /* TabBarController.swift in Sources */,
				D089E5DD29DC4AF6005F9FAF /* TrackersPresenter.swift in Sources */,
				D089E5DB29DC4AE0005F9FAF /* TrackersView.swift in Sources */,
				D0F9C41929DA11E6009C7686 /* TrackersViewController.swift in Sources */,
				D0F9C41529DA11E6009C7686 /* AppDelegate.swift in Sources */,
				D0F9C41729DA11E6009C7686 /* SceneDelegate.swift in Sources */,
				D089E5D529DA2BC7005F9FAF /* UIColor+Extensions.swift.swift in Sources */,
				D089E5EF29DEDC88005F9FAF /* TrackersHeader.swift in Sources */,
				D089E5D029DA267A005F9FAF /* StatisticsViewController.swift in Sources */,
				D089E5E329DD86DA005F9FAF /* Models.swift in Sources */,
			);
			runOnlyForDeploymentPostprocessing = 0;
		};
/* End PBXSourcesBuildPhase section */

/* Begin PBXVariantGroup section */
		D0F9C41F29DA11EB009C7686 /* LaunchScreen.storyboard */ = {
			isa = PBXVariantGroup;
			children = (
				D0F9C42029DA11EB009C7686 /* Base */,
			);
			name = LaunchScreen.storyboard;
			sourceTree = "<group>";
		};
/* End PBXVariantGroup section */

/* Begin XCBuildConfiguration section */
		D0F9C42329DA11EB009C7686 /* Debug */ = {
			isa = XCBuildConfiguration;
			buildSettings = {
				ALWAYS_SEARCH_USER_PATHS = NO;
				CLANG_ANALYZER_NONNULL = YES;
				CLANG_ANALYZER_NUMBER_OBJECT_CONVERSION = YES_AGGRESSIVE;
				CLANG_CXX_LANGUAGE_STANDARD = "gnu++20";
				CLANG_ENABLE_MODULES = YES;
				CLANG_ENABLE_OBJC_ARC = YES;
				CLANG_ENABLE_OBJC_WEAK = YES;
				CLANG_WARN_BLOCK_CAPTURE_AUTORELEASING = YES;
				CLANG_WARN_BOOL_CONVERSION = YES;
				CLANG_WARN_COMMA = YES;
				CLANG_WARN_CONSTANT_CONVERSION = YES;
				CLANG_WARN_DEPRECATED_OBJC_IMPLEMENTATIONS = YES;
				CLANG_WARN_DIRECT_OBJC_ISA_USAGE = YES_ERROR;
				CLANG_WARN_DOCUMENTATION_COMMENTS = YES;
				CLANG_WARN_EMPTY_BODY = YES;
				CLANG_WARN_ENUM_CONVERSION = YES;
				CLANG_WARN_INFINITE_RECURSION = YES;
				CLANG_WARN_INT_CONVERSION = YES;
				CLANG_WARN_NON_LITERAL_NULL_CONVERSION = YES;
				CLANG_WARN_OBJC_IMPLICIT_RETAIN_SELF = YES;
				CLANG_WARN_OBJC_LITERAL_CONVERSION = YES;
				CLANG_WARN_OBJC_ROOT_CLASS = YES_ERROR;
				CLANG_WARN_QUOTED_INCLUDE_IN_FRAMEWORK_HEADER = YES;
				CLANG_WARN_RANGE_LOOP_ANALYSIS = YES;
				CLANG_WARN_STRICT_PROTOTYPES = YES;
				CLANG_WARN_SUSPICIOUS_MOVE = YES;
				CLANG_WARN_UNGUARDED_AVAILABILITY = YES_AGGRESSIVE;
				CLANG_WARN_UNREACHABLE_CODE = YES;
				CLANG_WARN__DUPLICATE_METHOD_MATCH = YES;
				COPY_PHASE_STRIP = NO;
				DEBUG_INFORMATION_FORMAT = dwarf;
				ENABLE_STRICT_OBJC_MSGSEND = YES;
				ENABLE_TESTABILITY = YES;
				GCC_C_LANGUAGE_STANDARD = gnu11;
				GCC_DYNAMIC_NO_PIC = NO;
				GCC_NO_COMMON_BLOCKS = YES;
				GCC_OPTIMIZATION_LEVEL = 0;
				GCC_PREPROCESSOR_DEFINITIONS = (
					"DEBUG=1",
					"$(inherited)",
				);
				GCC_WARN_64_TO_32_BIT_CONVERSION = YES;
				GCC_WARN_ABOUT_RETURN_TYPE = YES_ERROR;
				GCC_WARN_UNDECLARED_SELECTOR = YES;
				GCC_WARN_UNINITIALIZED_AUTOS = YES_AGGRESSIVE;
				GCC_WARN_UNUSED_FUNCTION = YES;
				GCC_WARN_UNUSED_VARIABLE = YES;
				IPHONEOS_DEPLOYMENT_TARGET = 16.2;
				MTL_ENABLE_DEBUG_INFO = INCLUDE_SOURCE;
				MTL_FAST_MATH = YES;
				ONLY_ACTIVE_ARCH = YES;
				SDKROOT = iphoneos;
				SWIFT_ACTIVE_COMPILATION_CONDITIONS = DEBUG;
				SWIFT_OPTIMIZATION_LEVEL = "-Onone";
			};
			name = Debug;
		};
		D0F9C42429DA11EB009C7686 /* Release */ = {
			isa = XCBuildConfiguration;
			buildSettings = {
				ALWAYS_SEARCH_USER_PATHS = NO;
				CLANG_ANALYZER_NONNULL = YES;
				CLANG_ANALYZER_NUMBER_OBJECT_CONVERSION = YES_AGGRESSIVE;
				CLANG_CXX_LANGUAGE_STANDARD = "gnu++20";
				CLANG_ENABLE_MODULES = YES;
				CLANG_ENABLE_OBJC_ARC = YES;
				CLANG_ENABLE_OBJC_WEAK = YES;
				CLANG_WARN_BLOCK_CAPTURE_AUTORELEASING = YES;
				CLANG_WARN_BOOL_CONVERSION = YES;
				CLANG_WARN_COMMA = YES;
				CLANG_WARN_CONSTANT_CONVERSION = YES;
				CLANG_WARN_DEPRECATED_OBJC_IMPLEMENTATIONS = YES;
				CLANG_WARN_DIRECT_OBJC_ISA_USAGE = YES_ERROR;
				CLANG_WARN_DOCUMENTATION_COMMENTS = YES;
				CLANG_WARN_EMPTY_BODY = YES;
				CLANG_WARN_ENUM_CONVERSION = YES;
				CLANG_WARN_INFINITE_RECURSION = YES;
				CLANG_WARN_INT_CONVERSION = YES;
				CLANG_WARN_NON_LITERAL_NULL_CONVERSION = YES;
				CLANG_WARN_OBJC_IMPLICIT_RETAIN_SELF = YES;
				CLANG_WARN_OBJC_LITERAL_CONVERSION = YES;
				CLANG_WARN_OBJC_ROOT_CLASS = YES_ERROR;
				CLANG_WARN_QUOTED_INCLUDE_IN_FRAMEWORK_HEADER = YES;
				CLANG_WARN_RANGE_LOOP_ANALYSIS = YES;
				CLANG_WARN_STRICT_PROTOTYPES = YES;
				CLANG_WARN_SUSPICIOUS_MOVE = YES;
				CLANG_WARN_UNGUARDED_AVAILABILITY = YES_AGGRESSIVE;
				CLANG_WARN_UNREACHABLE_CODE = YES;
				CLANG_WARN__DUPLICATE_METHOD_MATCH = YES;
				COPY_PHASE_STRIP = NO;
				DEBUG_INFORMATION_FORMAT = "dwarf-with-dsym";
				ENABLE_NS_ASSERTIONS = NO;
				ENABLE_STRICT_OBJC_MSGSEND = YES;
				GCC_C_LANGUAGE_STANDARD = gnu11;
				GCC_NO_COMMON_BLOCKS = YES;
				GCC_WARN_64_TO_32_BIT_CONVERSION = YES;
				GCC_WARN_ABOUT_RETURN_TYPE = YES_ERROR;
				GCC_WARN_UNDECLARED_SELECTOR = YES;
				GCC_WARN_UNINITIALIZED_AUTOS = YES_AGGRESSIVE;
				GCC_WARN_UNUSED_FUNCTION = YES;
				GCC_WARN_UNUSED_VARIABLE = YES;
				IPHONEOS_DEPLOYMENT_TARGET = 16.2;
				MTL_ENABLE_DEBUG_INFO = NO;
				MTL_FAST_MATH = YES;
				SDKROOT = iphoneos;
				SWIFT_COMPILATION_MODE = wholemodule;
				SWIFT_OPTIMIZATION_LEVEL = "-O";
				VALIDATE_PRODUCT = YES;
			};
			name = Release;
		};
		D0F9C42629DA11EB009C7686 /* Debug */ = {
			isa = XCBuildConfiguration;
			buildSettings = {
				ASSETCATALOG_COMPILER_APPICON_NAME = AppIcon;
				ASSETCATALOG_COMPILER_GLOBAL_ACCENT_COLOR_NAME = AccentColor;
				CODE_SIGN_STYLE = Automatic;
				CURRENT_PROJECT_VERSION = 1;
				DEVELOPMENT_TEAM = 6P6HF74P83;
				GENERATE_INFOPLIST_FILE = YES;
				INFOPLIST_FILE = Tracker/Info.plist;
				INFOPLIST_KEY_CFBundleDisplayName = "";
				INFOPLIST_KEY_LSApplicationCategoryType = "public.app-category.lifestyle";
				INFOPLIST_KEY_UIApplicationSupportsIndirectInputEvents = YES;
				INFOPLIST_KEY_UILaunchStoryboardName = LaunchScreen.storyboard;
				INFOPLIST_KEY_UISupportedInterfaceOrientations = UIInterfaceOrientationPortrait;
				INFOPLIST_KEY_UISupportedInterfaceOrientations_iPad = "UIInterfaceOrientationLandscapeLeft UIInterfaceOrientationLandscapeRight UIInterfaceOrientationPortrait UIInterfaceOrientationPortraitUpsideDown";
				IPHONEOS_DEPLOYMENT_TARGET = 13.4;
				LD_RUNPATH_SEARCH_PATHS = (
					"$(inherited)",
					"@executable_path/Frameworks",
				);
				MARKETING_VERSION = 1.0;
				PRODUCT_BUNDLE_IDENTIFIER = maximag.Tracker;
				PRODUCT_NAME = "$(TARGET_NAME)";
				SUPPORTED_PLATFORMS = "iphoneos iphonesimulator";
				SUPPORTS_MACCATALYST = NO;
				SUPPORTS_MAC_DESIGNED_FOR_IPHONE_IPAD = NO;
				SWIFT_EMIT_LOC_STRINGS = YES;
				SWIFT_VERSION = 5.0;
				TARGETED_DEVICE_FAMILY = 1;
			};
			name = Debug;
		};
		D0F9C42729DA11EB009C7686 /* Release */ = {
			isa = XCBuildConfiguration;
			buildSettings = {
				ASSETCATALOG_COMPILER_APPICON_NAME = AppIcon;
				ASSETCATALOG_COMPILER_GLOBAL_ACCENT_COLOR_NAME = AccentColor;
				CODE_SIGN_STYLE = Automatic;
				CURRENT_PROJECT_VERSION = 1;
				DEVELOPMENT_TEAM = 6P6HF74P83;
				GENERATE_INFOPLIST_FILE = YES;
				INFOPLIST_FILE = Tracker/Info.plist;
				INFOPLIST_KEY_CFBundleDisplayName = "";
				INFOPLIST_KEY_LSApplicationCategoryType = "public.app-category.lifestyle";
				INFOPLIST_KEY_UIApplicationSupportsIndirectInputEvents = YES;
				INFOPLIST_KEY_UILaunchStoryboardName = LaunchScreen.storyboard;
				INFOPLIST_KEY_UISupportedInterfaceOrientations = UIInterfaceOrientationPortrait;
				INFOPLIST_KEY_UISupportedInterfaceOrientations_iPad = "UIInterfaceOrientationLandscapeLeft UIInterfaceOrientationLandscapeRight UIInterfaceOrientationPortrait UIInterfaceOrientationPortraitUpsideDown";
				IPHONEOS_DEPLOYMENT_TARGET = 13.4;
				LD_RUNPATH_SEARCH_PATHS = (
					"$(inherited)",
					"@executable_path/Frameworks",
				);
				MARKETING_VERSION = 1.0;
				PRODUCT_BUNDLE_IDENTIFIER = maximag.Tracker;
				PRODUCT_NAME = "$(TARGET_NAME)";
				SUPPORTED_PLATFORMS = "iphoneos iphonesimulator";
				SUPPORTS_MACCATALYST = NO;
				SUPPORTS_MAC_DESIGNED_FOR_IPHONE_IPAD = NO;
				SWIFT_EMIT_LOC_STRINGS = YES;
				SWIFT_VERSION = 5.0;
				TARGETED_DEVICE_FAMILY = 1;
			};
			name = Release;
		};
/* End XCBuildConfiguration section */

/* Begin XCConfigurationList section */
		D0F9C40C29DA11E6009C7686 /* Build configuration list for PBXProject "Tracker" */ = {
			isa = XCConfigurationList;
			buildConfigurations = (
				D0F9C42329DA11EB009C7686 /* Debug */,
				D0F9C42429DA11EB009C7686 /* Release */,
			);
			defaultConfigurationIsVisible = 0;
			defaultConfigurationName = Release;
		};
		D0F9C42529DA11EB009C7686 /* Build configuration list for PBXNativeTarget "Tracker" */ = {
			isa = XCConfigurationList;
			buildConfigurations = (
				D0F9C42629DA11EB009C7686 /* Debug */,
				D0F9C42729DA11EB009C7686 /* Release */,
			);
			defaultConfigurationIsVisible = 0;
			defaultConfigurationName = Release;
		};
/* End XCConfigurationList section */
	};
	rootObject = D0F9C40929DA11E6009C7686 /* Project object */;
}
